
Microsoft Visual Studio Solution File, Format Version 12.00
# Visual Studio Version 16
VisualStudioVersion = 16.0.30804.86
MinimumVisualStudioVersion = 10.0.40219.1
Project("{9A19103F-16F7-4668-BE54-9A1E7A4F7556}") = "CMS", "CMS.csproj", "{C5FD0E35-42A2-41AA-A965-4E656B2ED6DB}"
EndProject
Global
	GlobalSection(SolutionConfigurationPlatforms) = preSolution
		Debug|Any CPU = Debug|Any CPU
		Release|Any CPU = Release|Any CPU
	EndGlobalSection
	GlobalSection(ProjectConfigurationPlatforms) = postSolution
		{C5FD0E35-42A2-41AA-A965-4E656B2ED6DB}.Debug|Any CPU.ActiveCfg = Debug|Any CPU
		{C5FD0E35-42A2-41AA-A965-4E656B2ED6DB}.Debug|Any CPU.Build.0 = Debug|Any CPU
		{C5FD0E35-42A2-41AA-A965-4E656B2ED6DB}.Release|Any CPU.ActiveCfg = Release|Any CPU
		{C5FD0E35-42A2-41AA-A965-4E656B2ED6DB}.Release|Any CPU.Build.0 = Release|Any CPU
	EndGlobalSection
	GlobalSection(SolutionProperties) = preSolution
		HideSolutionNode = FALSE
	EndGlobalSection
	GlobalSection(ExtensibilityGlobals) = postSolution
		SolutionGuid = {086F9E8A-B4CC-4D1C-BCAF-FFAB61163187}
	EndGlobalSection
EndGlobal
